{
  "name": "unfeed",
  "version": "1.0.1",
  "lockfileVersion": 3,
  "requires": true,
  "packages": {
    "": {
      "name": "unfeed",
      "version": "1.0.1",
      "hasInstallScript": true,
      "license": "ISC",
      "dependencies": {
        "simple-icons": "16.26.0"
      }
    },
    "node_modules/simple-icons": {
      "version": "16.26.0",
      "resolved": "https://registry.npmjs.org/simple-icons/-/simple-icons-16.26.0.tgz",
      "integrity": "sha512-T9rNJtyOshULM8heLlvrZY346g9zOgZILQ3vxP+FWcX13RhaOLez7YM/hNCEx3b5gJckSCNDoNsjZuDncSMYSQ==",
      "funding": [
        {
          "type": "opencollective",
          "url": "https://opencollective.com/simple-icons"
        },
        {
          "type": "github",
          "url": "https://github.com/sponsors/simple-icons"
        }
      ],
      "license": "CC0-1.0",
      "engines": {
        "node": ">=0.12.18"
      }
    }
  }
}
